// !$*UTF8*$!
{
	archiveVersion = 1;
	classes = {
	};
	objectVersion = 56;
	objects = {

/* Begin PBXBuildFile section */
		510EF6142B73767C007DFFD5 /* GolfApp.swift in Sources */ = {isa = PBXBuildFile; fileRef = 510EF6132B73767C007DFFD5 /* GolfApp.swift */; };
		510EF6162B73767C007DFFD5 /* ContentView.swift in Sources */ = {isa = PBXBuildFile; fileRef = 510EF6152B73767C007DFFD5 /* ContentView.swift */; };
		510EF6182B73767E007DFFD5 /* Assets.xcassets in Resources */ = {isa = PBXBuildFile; fileRef = 510EF6172B73767E007DFFD5 /* Assets.xcassets */; };
		510EF61B2B73767E007DFFD5 /* Preview Assets.xcassets in Resources */ = {isa = PBXBuildFile; fileRef = 510EF61A2B73767E007DFFD5 /* Preview Assets.xcassets */; };
		510EF6252B73767E007DFFD5 /* GolfTests.swift in Sources */ = {isa = PBXBuildFile; fileRef = 510EF6242B73767E007DFFD5 /* GolfTests.swift */; };
		510EF62F2B73767E007DFFD5 /* GolfUITests.swift in Sources */ = {isa = PBXBuildFile; fileRef = 510EF62E2B73767E007DFFD5 /* GolfUITests.swift */; };
		510EF6312B73767E007DFFD5 /* GolfUITestsLaunchTests.swift in Sources */ = {isa = PBXBuildFile; fileRef = 510EF6302B73767E007DFFD5 /* GolfUITestsLaunchTests.swift */; };
/* End PBXBuildFile section */

/* Begin PBXContainerItemProxy section */
		510EF6212B73767E007DFFD5 /* PBXContainerItemProxy */ = {
			isa = PBXContainerItemProxy;
			containerPortal = 510EF6082B73767C007DFFD5 /* Project object */;
			proxyType = 1;
			remoteGlobalIDString = 510EF60F2B73767C007DFFD5;
			remoteInfo = Golf;
		};
		510EF62B2B73767E007DFFD5 /* PBXContainerItemProxy */ = {
			isa = PBXContainerItemProxy;
			containerPortal = 510EF6082B73767C007DFFD5 /* Project object */;
			proxyType = 1;
			remoteGlobalIDString = 510EF60F2B73767C007DFFD5;
			remoteInfo = Golf;
		};
/* End PBXContainerItemProxy section */

/* Begin PBXFileReference section */
		510EF6102B73767C007DFFD5 /* Golf.app */ = {isa = PBXFileReference; explicitFileType = wrapper.application; includeInIndex = 0; path = Golf.app; sourceTree = BUILT_PRODUCTS_DIR; };
		510EF6132B73767C007DFFD5 /* GolfApp.swift */ = {isa = PBXFileReference; lastKnownFileType = sourcecode.swift; path = GolfApp.swift; sourceTree = "<group>"; };
		510EF6152B73767C007DFFD5 /* ContentView.swift */ = {isa = PBXFileReference; lastKnownFileType = sourcecode.swift; path = ContentView.swift; sourceTree = "<group>"; };
		510EF6172B73767E007DFFD5 /* Assets.xcassets */ = {isa = PBXFileReference; lastKnownFileType = folder.assetcatalog; path = Assets.xcassets; sourceTree = "<group>"; };
		510EF61A2B73767E007DFFD5 /* Preview Assets.xcassets */ = {isa = PBXFileReference; lastKnownFileType = folder.assetcatalog; path = "Preview Assets.xcassets"; sourceTree = "<group>"; };
		510EF6202B73767E007DFFD5 /* GolfTests.xctest */ = {isa = PBXFileReference; explicitFileType = wrapper.cfbundle; includeInIndex = 0; path = GolfTests.xctest; sourceTree = BUILT_PRODUCTS_DIR; };
		510EF6242B73767E007DFFD5 /* GolfTests.swift */ = {isa = PBXFileReference; lastKnownFileType = sourcecode.swift; path = GolfTests.swift; sourceTree = "<group>"; };
		510EF62A2B73767E007DFFD5 /* GolfUITests.xctest */ = {isa = PBXFileReference; explicitFileType = wrapper.cfbundle; includeInIndex = 0; path = GolfUITests.xctest; sourceTree = BUILT_PRODUCTS_DIR; };
		510EF62E2B73767E007DFFD5 /* GolfUITests.swift */ = {isa = PBXFileReference; lastKnownFileType = sourcecode.swift; path = GolfUITests.swift; sourceTree = "<group>"; };
		510EF6302B73767E007DFFD5 /* GolfUITestsLaunchTests.swift */ = {isa = PBXFileReference; lastKnownFileType = sourcecode.swift; path = GolfUITestsLaunchTests.swift; sourceTree = "<group>"; };
/* End PBXFileReference section */

/* Begin PBXFrameworksBuildPhase section */
		510EF60D2B73767C007DFFD5 /* Frameworks */ = {
			isa = PBXFrameworksBuildPhase;
			buildActionMask = 2147483647;
			files = (
			);
			runOnlyForDeploymentPostprocessing = 0;
		};
		510EF61D2B73767E007DFFD5 /* Frameworks */ = {
			isa = PBXFrameworksBuildPhase;
			buildActionMask = 2147483647;
			files = (
			);
			runOnlyForDeploymentPostprocessing = 0;
		};
		510EF6272B73767E007DFFD5 /* Frameworks */ = {
			isa = PBXFrameworksBuildPhase;
			buildActionMask = 2147483647;
			files = (
			);
			runOnlyForDeploymentPostprocessing = 0;
		};
/* End PBXFrameworksBuildPhase section */

/* Begin PBXGroup section */
		510EF6072B73767C007DFFD5 = {
			isa = PBXGroup;
			children = (
				510EF6122B73767C007DFFD5 /* Golf */,
				510EF6232B73767E007DFFD5 /* GolfTests */,
				510EF62D2B73767E007DFFD5 /* GolfUITests */,
				510EF6112B73767C007DFFD5 /* Products */,
			);
			sourceTree = "<group>";
		};
		510EF6112B73767C007DFFD5 /* Products */ = {
			isa = PBXGroup;
			children = (
				510EF6102B73767C007DFFD5 /* Golf.app */,
				510EF6202B73767E007DFFD5 /* GolfTests.xctest */,
				510EF62A2B73767E007DFFD5 /* GolfUITests.xctest */,
			);
			name = Products;
			sourceTree = "<group>";
		};
		510EF6122B73767C007DFFD5 /* Golf */ = {
			isa = PBXGroup;
			children = (
				510EF6132B73767C007DFFD5 /* GolfApp.swift */,
				510EF6152B73767C007DFFD5 /* ContentView.swift */,
				510EF6172B73767E007DFFD5 /* Assets.xcassets */,
				510EF6192B73767E007DFFD5 /* Preview Content */,
			);
			path = Golf;
			sourceTree = "<group>";
		};
		510EF6192B73767E007DFFD5 /* Preview Content */ = {
			isa = PBXGroup;
			children = (
				510EF61A2B73767E007DFFD5 /* Preview Assets.xcassets */,
			);
			path = "Preview Content";
			sourceTree = "<group>";
		};
		510EF6232B73767E007DFFD5 /* GolfTests */ = {
			isa = PBXGroup;
			children = (
				510EF6242B73767E007DFFD5 /* GolfTests.swift */,
			);
			path = GolfTests;
			sourceTree = "<group>";
		};
		510EF62D2B73767E007DFFD5 /* GolfUITests */ = {
			isa = PBXGroup;
			children = (
				510EF62E2B73767E007DFFD5 /* GolfUITests.swift */,
				510EF6302B73767E007DFFD5 /* GolfUITestsLaunchTests.swift */,
			);
			path = GolfUITests;
			sourceTree = "<group>";
		};
/* End PBXGroup section */

/* Begin PBXNativeTarget section */
		510EF60F2B73767C007DFFD5 /* Golf */ = {
			isa = PBXNativeTarget;
			buildConfigurationList = 510EF6342B73767E007DFFD5 /* Build configuration list for PBXNativeTarget "Golf" */;
			buildPhases = (
				510EF60C2B73767C007DFFD5 /* Sources */,
				510EF60D2B73767C007DFFD5 /* Frameworks */,
				510EF60E2B73767C007DFFD5 /* Resources */,
			);
			buildRules = (
			);
			dependencies = (
			);
			name = Golf;
			productName = Golf;
			productReference = 510EF6102B73767C007DFFD5 /* Golf.app */;
			productType = "com.apple.product-type.application";
		};
		510EF61F2B73767E007DFFD5 /* GolfTests */ = {
			isa = PBXNativeTarget;
			buildConfigurationList = 510EF6372B73767E007DFFD5 /* Build configuration list for PBXNativeTarget "GolfTests" */;
			buildPhases = (
				510EF61C2B73767E007DFFD5 /* Sources */,
				510EF61D2B73767E007DFFD5 /* Frameworks */,
				510EF61E2B73767E007DFFD5 /* Resources */,
			);
			buildRules = (
			);
			dependencies = (
				510EF6222B73767E007DFFD5 /* PBXTargetDependency */,
			);
			name = GolfTests;
			productName = GolfTests;
			productReference = 510EF6202B73767E007DFFD5 /* GolfTests.xctest */;
			productType = "com.apple.product-type.bundle.unit-test";
		};
		510EF6292B73767E007DFFD5 /* GolfUITests */ = {
			isa = PBXNativeTarget;
			buildConfigurationList = 510EF63A2B73767E007DFFD5 /* Build configuration list for PBXNativeTarget "GolfUITests" */;
			buildPhases = (
				510EF6262B73767E007DFFD5 /* Sources */,
				510EF6272B73767E007DFFD5 /* Frameworks */,
				510EF6282B73767E007DFFD5 /* Resources */,
			);
			buildRules = (
			);
			dependencies = (
				510EF62C2B73767E007DFFD5 /* PBXTargetDependency */,
			);
			name = GolfUITests;
			productName = GolfUITests;
			productReference = 510EF62A2B73767E007DFFD5 /* GolfUITests.xctest */;
			productType = "com.apple.product-type.bundle.ui-testing";
		};
/* End PBXNativeTarget section */

/* Begin PBXProject section */
		510EF6082B73767C007DFFD5 /* Project object */ = {
			isa = PBXProject;
			attributes = {
				BuildIndependentTargetsInParallel = 1;
				LastSwiftUpdateCheck = 1520;
				LastUpgradeCheck = 1520;
				TargetAttributes = {
					510EF60F2B73767C007DFFD5 = {
						CreatedOnToolsVersion = 15.2;
					};
					510EF61F2B73767E007DFFD5 = {
						CreatedOnToolsVersion = 15.2;
						TestTargetID = 510EF60F2B73767C007DFFD5;
					};
					510EF6292B73767E007DFFD5 = {
						CreatedOnToolsVersion = 15.2;
						TestTargetID = 510EF60F2B73767C007DFFD5;
					};
				};
			};
			buildConfigurationList = 510EF60B2B73767C007DFFD5 /* Build configuration list for PBXProject "Golf" */;
			compatibilityVersion = "Xcode 14.0";
			developmentRegion = en;
			hasScannedForEncodings = 0;
			knownRegions = (
				en,
				Base,
			);
			mainGroup = 510EF6072B73767C007DFFD5;
			productRefGroup = 510EF6112B73767C007DFFD5 /* Products */;
			projectDirPath = "";
			projectRoot = "";
			targets = (
				510EF60F2B73767C007DFFD5 /* Golf */,
				510EF61F2B73767E007DFFD5 /* GolfTests */,
				510EF6292B73767E007DFFD5 /* GolfUITests */,
			);
		};
/* End PBXProject section */

/* Begin PBXResourcesBuildPhase section */
		510EF60E2B73767C007DFFD5 /* Resources */ = {
			isa = PBXResourcesBuildPhase;
			buildActionMask = 2147483647;
			files = (
				510EF61B2B73767E007DFFD5 /* Preview Assets.xcassets in Resources */,
				510EF6182B73767E007DFFD5 /* Assets.xcassets in Resources */,
			);
			runOnlyForDeploymentPostprocessing = 0;
		};
		510EF61E2B73767E007DFFD5 /* Resources */ = {
			isa = PBXResourcesBuildPhase;
			buildActionMask = 2147483647;
			files = (
			);
			runOnlyForDeploymentPostprocessing = 0;
		};
		510EF6282B73767E007DFFD5 /* Resources */ = {
			isa = PBXResourcesBuildPhase;
			buildActionMask = 2147483647;
			files = (
			);
			runOnlyForDeploymentPostprocessing = 0;
		};
/* End PBXResourcesBuildPhase section */

/* Begin PBXSourcesBuildPhase section */
		510EF60C2B73767C007DFFD5 /* Sources */ = {
			isa = PBXSourcesBuildPhase;
			buildActionMask = 2147483647;
			files = (
				510EF6162B73767C007DFFD5 /* ContentView.swift in Sources */,
				510EF6142B73767C007DFFD5 /* GolfApp.swift in Sources */,
			);
			runOnlyForDeploymentPostprocessing = 0;
		};
		510EF61C2B73767E007DFFD5 /* Sources */ = {
			isa = PBXSourcesBuildPhase;
			buildActionMask = 2147483647;
			files = (
				510EF6252B73767E007DFFD5 /* GolfTests.swift in Sources */,
			);
			runOnlyForDeploymentPostprocessing = 0;
		};
		510EF6262B73767E007DFFD5 /* Sources */ = {
			isa = PBXSourcesBuildPhase;
			buildActionMask = 2147483647;
			files = (
				510EF6312B73767E007DFFD5 /* GolfUITestsLaunchTests.swift in Sources */,
				510EF62F2B73767E007DFFD5 /* GolfUITests.swift in Sources */,
			);
			runOnlyForDeploymentPostprocessing = 0;
		};
/* End PBXSourcesBuildPhase section */

/* Begin PBXTargetDependency section */
		510EF6222B73767E007DFFD5 /* PBXTargetDependency */ = {
			isa = PBXTargetDependency;
			target = 510EF60F2B73767C007DFFD5 /* Golf */;
			targetProxy = 510EF6212B73767E007DFFD5 /* PBXContainerItemProxy */;
		};
		510EF62C2B73767E007DFFD5 /* PBXTargetDependency */ = {
			isa = PBXTargetDependency;
			target = 510EF60F2B73767C007DFFD5 /* Golf */;
			targetProxy = 510EF62B2B73767E007DFFD5 /* PBXContainerItemProxy */;
		};
/* End PBXTargetDependency section */

/* Begin XCBuildConfiguration section */
		510EF6322B73767E007DFFD5 /* Debug */ = {
			isa = XCBuildConfiguration;
			buildSettings = {
				ALWAYS_SEARCH_USER_PATHS = NO;
				ASSETCATALOG_COMPILER_GENERATE_SWIFT_ASSET_SYMBOL_EXTENSIONS = YES;
				CLANG_ANALYZER_NONNULL = YES;
				CLANG_ANALYZER_NUMBER_OBJECT_CONVERSION = YES_AGGRESSIVE;
				CLANG_CXX_LANGUAGE_STANDARD = "gnu++20";
				CLANG_ENABLE_MODULES = YES;
				CLANG_ENABLE_OBJC_ARC = YES;
				CLANG_ENABLE_OBJC_WEAK = YES;
				CLANG_WARN_BLOCK_CAPTURE_AUTORELEASING = YES;
				CLANG_WARN_BOOL_CONVERSION = YES;
				CLANG_WARN_COMMA = YES;
				CLANG_WARN_CONSTANT_CONVERSION = YES;
				CLANG_WARN_DEPRECATED_OBJC_IMPLEMENTATIONS = YES;
				CLANG_WARN_DIRECT_OBJC_ISA_USAGE = YES_ERROR;
				CLANG_WARN_DOCUMENTATION_COMMENTS = YES;
				CLANG_WARN_EMPTY_BODY = YES;
				CLANG_WARN_ENUM_CONVERSION = YES;
				CLANG_WARN_INFINITE_RECURSION = YES;
				CLANG_WARN_INT_CONVERSION = YES;
				CLANG_WARN_NON_LITERAL_NULL_CONVERSION = YES;
				CLANG_WARN_OBJC_IMPLICIT_RETAIN_SELF = YES;
				CLANG_WARN_OBJC_LITERAL_CONVERSION = YES;
				CLANG_WARN_OBJC_ROOT_CLASS = YES_ERROR;
				CLANG_WARN_QUOTED_INCLUDE_IN_FRAMEWORK_HEADER = YES;
				CLANG_WARN_RANGE_LOOP_ANALYSIS = YES;
				CLANG_WARN_STRICT_PROTOTYPES = YES;
				CLANG_WARN_SUSPICIOUS_MOVE = YES;
				CLANG_WARN_UNGUARDED_AVAILABILITY = YES_AGGRESSIVE;
				CLANG_WARN_UNREACHABLE_CODE = YES;
				CLANG_WARN__DUPLICATE_METHOD_MATCH = YES;
				COPY_PHASE_STRIP = NO;
				DEBUG_INFORMATION_FORMAT = dwarf;
				ENABLE_STRICT_OBJC_MSGSEND = YES;
				ENABLE_TESTABILITY = YES;
				ENABLE_USER_SCRIPT_SANDBOXING = YES;
				GCC_C_LANGUAGE_STANDARD = gnu17;
				GCC_DYNAMIC_NO_PIC = NO;
				GCC_NO_COMMON_BLOCKS = YES;
				GCC_OPTIMIZATION_LEVEL = 0;
				GCC_PREPROCESSOR_DEFINITIONS = (
					"DEBUG=1",
					"$(inherited)",
				);
				GCC_WARN_64_TO_32_BIT_CONVERSION = YES;
				GCC_WARN_ABOUT_RETURN_TYPE = YES_ERROR;
				GCC_WARN_UNDECLARED_SELECTOR = YES;
				GCC_WARN_UNINITIALIZED_AUTOS = YES_AGGRESSIVE;
				GCC_WARN_UNUSED_FUNCTION = YES;
				GCC_WARN_UNUSED_VARIABLE = YES;
				IPHONEOS_DEPLOYMENT_TARGET = 17.2;
				LOCALIZATION_PREFERS_STRING_CATALOGS = YES;
				MTL_ENABLE_DEBUG_INFO = INCLUDE_SOURCE;
				MTL_FAST_MATH = YES;
				ONLY_ACTIVE_ARCH = YES;
				SDKROOT = iphoneos;
				SWIFT_ACTIVE_COMPILATION_CONDITIONS = "DEBUG $(inherited)";
				SWIFT_OPTIMIZATION_LEVEL = "-Onone";
			};
			name = Debug;
		};
		510EF6332B73767E007DFFD5 /* Release */ = {
			isa = XCBuildConfiguration;
			buildSettings = {
				ALWAYS_SEARCH_USER_PATHS = NO;
				ASSETCATALOG_COMPILER_GENERATE_SWIFT_ASSET_SYMBOL_EXTENSIONS = YES;
				CLANG_ANALYZER_NONNULL = YES;
				CLANG_ANALYZER_NUMBER_OBJECT_CONVERSION = YES_AGGRESSIVE;
				CLANG_CXX_LANGUAGE_STANDARD = "gnu++20";
				CLANG_ENABLE_MODULES = YES;
				CLANG_ENABLE_OBJC_ARC = YES;
				CLANG_ENABLE_OBJC_WEAK = YES;
				CLANG_WARN_BLOCK_CAPTURE_AUTORELEASING = YES;
				CLANG_WARN_BOOL_CONVERSION = YES;
				CLANG_WARN_COMMA = YES;
				CLANG_WARN_CONSTANT_CONVERSION = YES;
				CLANG_WARN_DEPRECATED_OBJC_IMPLEMENTATIONS = YES;
				CLANG_WARN_DIRECT_OBJC_ISA_USAGE = YES_ERROR;
				CLANG_WARN_DOCUMENTATION_COMMENTS = YES;
				CLANG_WARN_EMPTY_BODY = YES;
				CLANG_WARN_ENUM_CONVERSION = YES;
				CLANG_WARN_INFINITE_RECURSION = YES;
				CLANG_WARN_INT_CONVERSION = YES;
				CLANG_WARN_NON_LITERAL_NULL_CONVERSION = YES;
				CLANG_WARN_OBJC_IMPLICIT_RETAIN_SELF = YES;
				CLANG_WARN_OBJC_LITERAL_CONVERSION = YES;
				CLANG_WARN_OBJC_ROOT_CLASS = YES_ERROR;
				CLANG_WARN_QUOTED_INCLUDE_IN_FRAMEWORK_HEADER = YES;
				CLANG_WARN_RANGE_LOOP_ANALYSIS = YES;
				CLANG_WARN_STRICT_PROTOTYPES = YES;
				CLANG_WARN_SUSPICIOUS_MOVE = YES;
				CLANG_WARN_UNGUARDED_AVAILABILITY = YES_AGGRESSIVE;
				CLANG_WARN_UNREACHABLE_CODE = YES;
				CLANG_WARN__DUPLICATE_METHOD_MATCH = YES;
				COPY_PHASE_STRIP = NO;
				DEBUG_INFORMATION_FORMAT = "dwarf-with-dsym";
				ENABLE_NS_ASSERTIONS = NO;
				ENABLE_STRICT_OBJC_MSGSEND = YES;
				ENABLE_USER_SCRIPT_SANDBOXING = YES;
				GCC_C_LANGUAGE_STANDARD = gnu17;
				GCC_NO_COMMON_BLOCKS = YES;
				GCC_WARN_64_TO_32_BIT_CONVERSION = YES;
				GCC_WARN_ABOUT_RETURN_TYPE = YES_ERROR;
				GCC_WARN_UNDECLARED_SELECTOR = YES;
				GCC_WARN_UNINITIALIZED_AUTOS = YES_AGGRESSIVE;
				GCC_WARN_UNUSED_FUNCTION = YES;
				GCC_WARN_UNUSED_VARIABLE = YES;
				IPHONEOS_DEPLOYMENT_TARGET = 17.2;
				LOCALIZATION_PREFERS_STRING_CATALOGS = YES;
				MTL_ENABLE_DEBUG_INFO = NO;
				MTL_FAST_MATH = YES;
				SDKROOT = iphoneos;
				SWIFT_COMPILATION_MODE = wholemodule;
				VALIDATE_PRODUCT = YES;
			};
			name = Release;
		};
		510EF6352B73767E007DFFD5 /* Debug */ = {
			isa = XCBuildConfiguration;
			buildSettings = {
				ASSETCATALOG_COMPILER_APPICON_NAME = AppIcon;
				ASSETCATALOG_COMPILER_GLOBAL_ACCENT_COLOR_NAME = AccentColor;
				CODE_SIGN_STYLE = Automatic;
				CURRENT_PROJECT_VERSION = 1;
				DEVELOPMENT_ASSET_PATHS = "\"Golf/Preview Content\"";
				ENABLE_PREVIEWS = YES;
				GENERATE_INFOPLIST_FILE = YES;
				INFOPLIST_KEY_UIApplicationSceneManifest_Generation = YES;
				INFOPLIST_KEY_UIApplicationSupportsIndirectInputEvents = YES;
				INFOPLIST_KEY_UILaunchScreen_Generation = YES;
				INFOPLIST_KEY_UISupportedInterfaceOrientations_iPad = "UIInterfaceOrientationPortrait UIInterfaceOrientationPortraitUpsideDown UIInterfaceOrientationLandscapeLeft UIInterfaceOrientationLandscapeRight";
				INFOPLIST_KEY_UISupportedInterfaceOrientations_iPhone = "UIInterfaceOrientationPortrait UIInterfaceOrientationLandscapeLeft UIInterfaceOrientationLandscapeRight";
				LD_RUNPATH_SEARCH_PATHS = (
					"$(inherited)",
					"@executable_path/Frameworks",
				);
				MARKETING_VERSION = 1.0;
				PRODUCT_BUNDLE_IDENTIFIER = SM101.Golf;
				PRODUCT_NAME = "$(TARGET_NAME)";
				SWIFT_EMIT_LOC_STRINGS = YES;
				SWIFT_VERSION = 5.0;
				TARGETED_DEVICE_FAMILY = "1,2";
			};
			name = Debug;
		};
		510EF6362B73767E007DFFD5 /* Release */ = {
			isa = XCBuildConfiguration;
			buildSettings = {
				ASSETCATALOG_COMPILER_APPICON_NAME = AppIcon;
				ASSETCATALOG_COMPILER_GLOBAL_ACCENT_COLOR_NAME = AccentColor;
				CODE_SIGN_STYLE = Automatic;
				CURRENT_PROJECT_VERSION = 1;
				DEVELOPMENT_ASSET_PATHS = "\"Golf/Preview Content\"";
				ENABLE_PREVIEWS = YES;
				GENERATE_INFOPLIST_FILE = YES;
				INFOPLIST_KEY_UIApplicationSceneManifest_Generation = YES;
				INFOPLIST_KEY_UIApplicationSupportsIndirectInputEvents = YES;
				INFOPLIST_KEY_UILaunchScreen_Generation = YES;
				INFOPLIST_KEY_UISupportedInterfaceOrientations_iPad = "UIInterfaceOrientationPortrait UIInterfaceOrientationPortraitUpsideDown UIInterfaceOrientationLandscapeLeft UIInterfaceOrientationLandscapeRight";
				INFOPLIST_KEY_UISupportedInterfaceOrientations_iPhone = "UIInterfaceOrientationPortrait UIInterfaceOrientationLandscapeLeft UIInterfaceOrientationLandscapeRight";
				LD_RUNPATH_SEARCH_PATHS = (
					"$(inherited)",
					"@executable_path/Frameworks",
				);
				MARKETING_VERSION = 1.0;
				PRODUCT_BUNDLE_IDENTIFIER = SM101.Golf;
				PRODUCT_NAME = "$(TARGET_NAME)";
				SWIFT_EMIT_LOC_STRINGS = YES;
				SWIFT_VERSION = 5.0;
				TARGETED_DEVICE_FAMILY = "1,2";
			};
			name = Release;
		};
		510EF6382B73767E007DFFD5 /* Debug */ = {
			isa = XCBuildConfiguration;
			buildSettings = {
				ALWAYS_EMBED_SWIFT_STANDARD_LIBRARIES = YES;
				BUNDLE_LOADER = "$(TEST_HOST)";
				CODE_SIGN_STYLE = Automatic;
				CURRENT_PROJECT_VERSION = 1;
				GENERATE_INFOPLIST_FILE = YES;
				IPHONEOS_DEPLOYMENT_TARGET = 17.2;
				MARKETING_VERSION = 1.0;
				PRODUCT_BUNDLE_IDENTIFIER = SM101.GolfTests;
				PRODUCT_NAME = "$(TARGET_NAME)";
				SWIFT_EMIT_LOC_STRINGS = NO;
				SWIFT_VERSION = 5.0;
				TARGETED_DEVICE_FAMILY = "1,2";
				TEST_HOST = "$(BUILT_PRODUCTS_DIR)/Golf.app/$(BUNDLE_EXECUTABLE_FOLDER_PATH)/Golf";
			};
			name = Debug;
		};
		510EF6392B73767E007DFFD5 /* Release */ = {
			isa = XCBuildConfiguration;
			buildSettings = {
				ALWAYS_EMBED_SWIFT_STANDARD_LIBRARIES = YES;
				BUNDLE_LOADER = "$(TEST_HOST)";
				CODE_SIGN_STYLE = Automatic;
				CURRENT_PROJECT_VERSION = 1;
				GENERATE_INFOPLIST_FILE = YES;
				IPHONEOS_DEPLOYMENT_TARGET = 17.2;
				MARKETING_VERSION = 1.0;
				PRODUCT_BUNDLE_IDENTIFIER = SM101.GolfTests;
				PRODUCT_NAME = "$(TARGET_NAME)";
				SWIFT_EMIT_LOC_STRINGS = NO;
				SWIFT_VERSION = 5.0;
				TARGETED_DEVICE_FAMILY = "1,2";
				TEST_HOST = "$(BUILT_PRODUCTS_DIR)/Golf.app/$(BUNDLE_EXECUTABLE_FOLDER_PATH)/Golf";
			};
			name = Release;
		};
		510EF63B2B73767E007DFFD5 /* Debug */ = {
			isa = XCBuildConfiguration;
			buildSettings = {
				ALWAYS_EMBED_SWIFT_STANDARD_LIBRARIES = YES;
				CODE_SIGN_STYLE = Automatic;
				CURRENT_PROJECT_VERSION = 1;
				GENERATE_INFOPLIST_FILE = YES;
				MARKETING_VERSION = 1.0;
				PRODUCT_BUNDLE_IDENTIFIER = SM101.GolfUITests;
				PRODUCT_NAME = "$(TARGET_NAME)";
				SWIFT_EMIT_LOC_STRINGS = NO;
				SWIFT_VERSION = 5.0;
				TARGETED_DEVICE_FAMILY = "1,2";
				TEST_TARGET_NAME = Golf;
			};
			name = Debug;
		};
		510EF63C2B73767E007DFFD5 /* Release */ = {
			isa = XCBuildConfiguration;
			buildSettings = {
				ALWAYS_EMBED_SWIFT_STANDARD_LIBRARIES = YES;
				CODE_SIGN_STYLE = Automatic;
				CURRENT_PROJECT_VERSION = 1;
				GENERATE_INFOPLIST_FILE = YES;
				MARKETING_VERSION = 1.0;
				PRODUCT_BUNDLE_IDENTIFIER = SM101.GolfUITests;
				PRODUCT_NAME = "$(TARGET_NAME)";
				SWIFT_EMIT_LOC_STRINGS = NO;
				SWIFT_VERSION = 5.0;
				TARGETED_DEVICE_FAMILY = "1,2";
				TEST_TARGET_NAME = Golf;
			};
			name = Release;
		};
/* End XCBuildConfiguration section */

/* Begin XCConfigurationList section */
		510EF60B2B73767C007DFFD5 /* Build configuration list for PBXProject "Golf" */ = {
			isa = XCConfigurationList;
			buildConfigurations = (
				510EF6322B73767E007DFFD5 /* Debug */,
				510EF6332B73767E007DFFD5 /* Release */,
			);
			defaultConfigurationIsVisible = 0;
			defaultConfigurationName = Release;
		};
		510EF6342B73767E007DFFD5 /* Build configuration list for PBXNativeTarget "Golf" */ = {
			isa = XCConfigurationList;
			buildConfigurations = (
				510EF6352B73767E007DFFD5 /* Debug */,
				510EF6362B73767E007DFFD5 /* Release */,
			);
			defaultConfigurationIsVisible = 0;
			defaultConfigurationName = Release;
		};
		510EF6372B73767E007DFFD5 /* Build configuration list for PBXNativeTarget "GolfTests" */ = {
			isa = XCConfigurationList;
			buildConfigurations = (
				510EF6382B73767E007DFFD5 /* Debug */,
				510EF6392B73767E007DFFD5 /* Release */,
			);
			defaultConfigurationIsVisible = 0;
			defaultConfigurationName = Release;
		};
		510EF63A2B73767E007DFFD5 /* Build configuration list for PBXNativeTarget "GolfUITests" */ = {
			isa = XCConfigurationList;
			buildConfigurations = (
				510EF63B2B73767E007DFFD5 /* Debug */,
				510EF63C2B73767E007DFFD5 /* Release */,
			);
			defaultConfigurationIsVisible = 0;
			defaultConfigurationName = Release;
		};
/* End XCConfigurationList section */
	};
	rootObject = 510EF6082B73767C007DFFD5 /* Project object */;
}
